
Microsoft Visual Studio Solution File, Format Version 12.00
# Visual Studio Version 16
VisualStudioVersion = 16.0.31410.357
MinimumVisualStudioVersion = 10.0.40219.1
Project("{FAE04EC0-301F-11D3-BF4B-00C04F79EFBC}") = "AZSphereHardwareDefinitionTools", "AZSphereHardwareDefinitionTools\AZSphereHardwareDefinitionTools.csproj", "{4112249D-03E8-491E-81AE-C544A6535544}"
EndProject
Global
	GlobalSection(SolutionConfigurationPlatforms) = preSolution
		Debug|Any CPU = Debug|Any CPU
		Release|Any CPU = Release|Any CPU
	EndGlobalSection
	GlobalSection(ProjectConfigurationPlatforms) = postSolution
		{4112249D-03E8-491E-81AE-C544A6535544}.Debug|Any CPU.ActiveCfg = Debug|Any CPU
		{4112249D-03E8-491E-81AE-C544A6535544}.Debug|Any CPU.Build.0 = Debug|Any CPU
		{4112249D-03E8-491E-81AE-C544A6535544}.Release|Any CPU.ActiveCfg = Release|Any CPU
		{4112249D-03E8-491E-81AE-C544A6535544}.Release|Any CPU.Build.0 = Release|Any CPU
	EndGlobalSection
	GlobalSection(SolutionProperties) = preSolution
		HideSolutionNode = FALSE
	EndGlobalSection
	GlobalSection(ExtensibilityGlobals) = postSolution
		SolutionGuid = {2B48BC6F-CF38-4961-BE1B-CE234BF633F2}
	EndGlobalSection
EndGlobal
